
Microsoft Visual Studio Solution File, Format Version 12.00
# Visual Studio Version 16
VisualStudioVersion = 16.0.28902.138
MinimumVisualStudioVersion = 10.0.40219.1
Project("{FAE04EC0-301F-11D3-BF4B-00C04F79EFBC}") = "AsynchronousProgramming", "AsynchronousProgramming\AsynchronousProgramming.csproj", "{5174E79C-145E-4F9F-841E-4D0CF8EC7298}"
EndProject
Global
	GlobalSection(SolutionConfigurationPlatforms) = preSolution
		Debug|Any CPU = Debug|Any CPU
		Release|Any CPU = Release|Any CPU
	EndGlobalSection
	GlobalSection(ProjectConfigurationPlatforms) = postSolution
		{5174E79C-145E-4F9F-841E-4D0CF8EC7298}.Debug|Any CPU.ActiveCfg = Debug|Any CPU
		{5174E79C-145E-4F9F-841E-4D0CF8EC7298}.Debug|Any CPU.Build.0 = Debug|Any CPU
		{5174E79C-145E-4F9F-841E-4D0CF8EC7298}.Release|Any CPU.ActiveCfg = Release|Any CPU
		{5174E79C-145E-4F9F-841E-4D0CF8EC7298}.Release|Any CPU.Build.0 = Release|Any CPU
	EndGlobalSection
	GlobalSection(SolutionProperties) = preSolution
		HideSolutionNode = FALSE
	EndGlobalSection
	GlobalSection(ExtensibilityGlobals) = postSolution
		SolutionGuid = {81F8A665-3077-4D92-885D-B036FC005E1C}
	EndGlobalSection
EndGlobal
